{
  "lockfile_version": "1",
  "packages": {
    "air@1.61.5": {
      "last_modified": "2024-12-30T01:48:12Z",
      "resolved": "github:NixOS/nixpkgs/6d97d419e5a9b36e6293887a89a078cf85f5a61b#air",
      "source": "devbox-search",
      "version": "1.61.5",
      "systems": {
        "aarch64-darwin": {
          "outputs": [
            {
              "name": "out",
              "path": "/nix/store/rs0n8933si8a90dhw87vvk2cf7zgj0cx-air-1.61.5",
              "default": true
            }
          ],
          "store_path": "/nix/store/rs0n8933si8a90dhw87vvk2cf7zgj0cx-air-1.61.5"
        },
        "aarch64-linux": {
          "outputs": [
            {
              "name": "out",
              "path": "/nix/store/nr32snxh14xi32h3b13dppzibpwh92i4-air-1.61.5",
              "default": true
            }
          ],
          "store_path": "/nix/store/nr32snxh14xi32h3b13dppzibpwh92i4-air-1.61.5"
        },
        "x86_64-darwin": {
          "outputs": [
            {
              "name": "out",
              "path": "/nix/store/fi3hch4p61cgxx1bdsxpibnbpjai90cj-air-1.61.5",
              "default": true
            }
          ],
          "store_path": "/nix/store/fi3hch4p61cgxx1bdsxpibnbpjai90cj-air-1.61.5"
        },
        "x86_64-linux": {
          "outputs": [
            {
              "name": "out",
              "path": "/nix/store/azi6hg4wr3zcq954x4i1v76lyrvll06x-air-1.61.5",
              "default": true
            }
          ],
          "store_path": "/nix/store/azi6hg4wr3zcq954x4i1v76lyrvll06x-air-1.61.5"
        }
      }
    },
    "bat@0.24.0": {
      "last_modified": "2024-12-23T21:10:33Z",
      "resolved": "github:NixOS/nixpkgs/de1864217bfa9b5845f465e771e0ecb48b30e02d#bat",
      "source": "devbox-search",
      "version": "0.24.0",
      "systems": {
        "aarch64-darwin": {
          "outputs": [
            {
              "name": "out",
              "path": "/nix/store/ji62ssis7jbfh2fb3xd5iwyj4n1cizk5-bat-0.24.0",
              "default": true
            }
          ],
          "store_path": "/nix/store/ji62ssis7jbfh2fb3xd5iwyj4n1cizk5-bat-0.24.0"
        },
        "aarch64-linux": {
          "outputs": [
            {
              "name": "out",
              "path": "/nix/store/rcq4cvwzz5z10lb2iafxz7dpqlhfz788-bat-0.24.0",
              "default": true
            }
          ],
          "store_path": "/nix/store/rcq4cvwzz5z10lb2iafxz7dpqlhfz788-bat-0.24.0"
        },
        "x86_64-darwin": {
          "outputs": [
            {
              "name": "out",
              "path": "/nix/store/hwi5ynxsvrfny50gsnws3dxr9ajybp76-bat-0.24.0",
              "default": true
            }
          ],
          "store_path": "/nix/store/hwi5ynxsvrfny50gsnws3dxr9ajybp76-bat-0.24.0"
        },
        "x86_64-linux": {
          "outputs": [
            {
              "name": "out",
              "path": "/nix/store/s01ih05das85a4w59f1fdsh1cra5svcv-bat-0.24.0",
              "default": true
            }
          ],
          "store_path": "/nix/store/s01ih05das85a4w59f1fdsh1cra5svcv-bat-0.24.0"
        }
      }
    },
    "cosign@2.2.4": {
      "last_modified": "2024-08-14T11:41:26Z",
      "resolved": "github:NixOS/nixpkgs/0cb2fd7c59fed0cd82ef858cbcbdb552b9a33465#cosign",
      "source": "devbox-search",
      "version": "2.2.4",
      "systems": {
        "aarch64-darwin": {
          "outputs": [
            {
              "name": "out",
              "path": "/nix/store/8yjz4xrc6qic5jsvdg8laqy33rb8hlf9-cosign-2.2.4",
              "default": true
            }
          ],
          "store_path": "/nix/store/8yjz4xrc6qic5jsvdg8laqy33rb8hlf9-cosign-2.2.4"
        },
        "aarch64-linux": {
          "outputs": [
            {
              "name": "out",
              "path": "/nix/store/m0kdmpbi042brx3kfimihpk7lbbbcdd5-cosign-2.2.4",
              "default": true
            }
          ],
          "store_path": "/nix/store/m0kdmpbi042brx3kfimihpk7lbbbcdd5-cosign-2.2.4"
        },
        "x86_64-darwin": {
          "outputs": [
            {
              "name": "out",
              "path": "/nix/store/2586hv1a1dmi0qj4520y10hfhj0dqprl-cosign-2.2.4",
              "default": true
            }
          ],
          "store_path": "/nix/store/2586hv1a1dmi0qj4520y10hfhj0dqprl-cosign-2.2.4"
        },
        "x86_64-linux": {
          "outputs": [
            {
              "name": "out",
              "path": "/nix/store/v5gs2dbf6ccd8xhvy3l6rxq06hlgnagi-cosign-2.2.4",
              "default": true
            }
          ],
          "store_path": "/nix/store/v5gs2dbf6ccd8xhvy3l6rxq06hlgnagi-cosign-2.2.4"
        }
      }
    },
    "earthly@0.8.11": {
      "last_modified": "2024-05-22T06:18:38Z",
      "resolved": "github:NixOS/nixpkgs/3f316d2a50699a78afe5e77ca486ad553169061e#earthly",
      "source": "devbox-search",
      "version": "0.8.11",
      "systems": {
        "aarch64-darwin": {
          "outputs": [
            {
              "name": "out",
              "path": "/nix/store/v8m7ryh1ihy4j7k7ks76z2axdcfmjhxa-earthly-0.8.11",
              "default": true
            }
          ],
          "store_path": "/nix/store/v8m7ryh1ihy4j7k7ks76z2axdcfmjhxa-earthly-0.8.11"
        },
        "aarch64-linux": {
          "outputs": [
            {
              "name": "out",
              "path": "/nix/store/29j6dpkbhdgrhw4cb7fzjb05lif1x4c7-earthly-0.8.11",
              "default": true
            }
          ],
          "store_path": "/nix/store/29j6dpkbhdgrhw4cb7fzjb05lif1x4c7-earthly-0.8.11"
        },
        "x86_64-darwin": {
          "outputs": [
            {
              "name": "out",
              "path": "/nix/store/lazywrklj9b5lxw7v5clr3bz6436mqzb-earthly-0.8.11",
              "default": true
            }
          ],
          "store_path": "/nix/store/lazywrklj9b5lxw7v5clr3bz6436mqzb-earthly-0.8.11"
        },
        "x86_64-linux": {
          "outputs": [
            {
              "name": "out",
              "path": "/nix/store/ws07yx52y6p2hskblfgcqxdsl4zyj920-earthly-0.8.11",
              "default": true
            }
          ],
          "store_path": "/nix/store/ws07yx52y6p2hskblfgcqxdsl4zyj920-earthly-0.8.11"
        }
      }
    },
    "gh@2.44.1": {
      "last_modified": "2024-02-24T23:06:34Z",
      "resolved": "github:NixOS/nixpkgs/9a9dae8f6319600fa9aebde37f340975cab4b8c0#gh",
      "source": "devbox-search",
      "version": "2.44.1",
      "systems": {
        "aarch64-darwin": {
          "outputs": [
            {
              "name": "out",
              "path": "/nix/store/lkpb81lblxbdlzdgn681irmynw55jbg8-gh-2.44.1",
              "default": true
            }
          ],
          "store_path": "/nix/store/lkpb81lblxbdlzdgn681irmynw55jbg8-gh-2.44.1"
        },
        "aarch64-linux": {
          "outputs": [
            {
              "name": "out",
              "path": "/nix/store/fwh9lm5qmbz2fv5qlphj6y1dfcdjqcq0-gh-2.44.1",
              "default": true
            }
          ],
          "store_path": "/nix/store/fwh9lm5qmbz2fv5qlphj6y1dfcdjqcq0-gh-2.44.1"
        },
        "x86_64-darwin": {
          "outputs": [
            {
              "name": "out",
              "path": "/nix/store/3qkb48sgf3zf40h9f5sr0kibpk1w27xp-gh-2.44.1",
              "default": true
            }
          ],
          "store_path": "/nix/store/3qkb48sgf3zf40h9f5sr0kibpk1w27xp-gh-2.44.1"
        },
        "x86_64-linux": {
          "outputs": [
            {
              "name": "out",
              "path": "/nix/store/z93n28s3f4izj97pnikh7y7y2zg61qwd-gh-2.44.1",
              "default": true
            }
          ],
          "store_path": "/nix/store/z93n28s3f4izj97pnikh7y7y2zg61qwd-gh-2.44.1"
        }
      }
    },
    "go@1.22.3": {
      "last_modified": "2024-06-12T20:55:33Z",
      "resolved": "github:NixOS/nixpkgs/a9858885e197f984d92d7fe64e9fff6b2e488d40#go",
      "source": "devbox-search",
      "version": "1.22.3",
      "systems": {
        "aarch64-darwin": {
          "outputs": [
            {
              "name": "out",
              "path": "/nix/store/m4ip3yyqg4k2pilbyfczgiy8xqvh4554-go-1.22.3",
              "default": true
            }
          ],
          "store_path": "/nix/store/m4ip3yyqg4k2pilbyfczgiy8xqvh4554-go-1.22.3"
        },
        "aarch64-linux": {
          "outputs": [
            {
              "name": "out",
              "path": "/nix/store/iz2bp36nbgp2l7day14186nmw2v4v0qg-go-1.22.3",
              "default": true
            }
          ],
          "store_path": "/nix/store/iz2bp36nbgp2l7day14186nmw2v4v0qg-go-1.22.3"
        },
        "x86_64-darwin": {
          "outputs": [
            {
              "name": "out",
              "path": "/nix/store/gl1vr9lznqg5zv2f0bvh0q469k82mjz0-go-1.22.3",
              "default": true
            }
          ],
          "store_path": "/nix/store/gl1vr9lznqg5zv2f0bvh0q469k82mjz0-go-1.22.3"
        },
        "x86_64-linux": {
          "outputs": [
            {
              "name": "out",
              "path": "/nix/store/vz8d6wmfcf38l3h3vymwqr6c5zxp5jmp-go-1.22.3",
              "default": true
            }
          ],
          "store_path": "/nix/store/vz8d6wmfcf38l3h3vymwqr6c5zxp5jmp-go-1.22.3"
        }
      }
    },
    "jq@1.7.1": {
      "last_modified": "2025-01-24T11:25:45Z",
      "resolved": "github:NixOS/nixpkgs/ecd26a469ac56357fd333946a99086e992452b6a#jq",
      "source": "devbox-search",
      "version": "1.7.1",
      "systems": {
        "aarch64-darwin": {
          "outputs": [
            {
              "name": "bin",
              "path": "/nix/store/ri8k487849v9b290iz384pi1lgw7n585-jq-1.7.1-bin",
              "default": true
            },
            {
              "name": "man",
              "path": "/nix/store/l9nf6sjs9hyvjfkmm9njw00mmvh88f6n-jq-1.7.1-man",
              "default": true
            },
            {
              "name": "out",
              "path": "/nix/store/sj86jzxi9p5pipih6fx7sw9pw6j54qbl-jq-1.7.1"
            },
            {
              "name": "dev",
              "path": "/nix/store/n7880d10c16s05bzg4xh4ak9j7fz9440-jq-1.7.1-dev"
            },
            {
              "name": "doc",
              "path": "/nix/store/axim640z0z67x48qr8nq79qph5j3vj05-jq-1.7.1-doc"
            }
          ],
          "store_path": "/nix/store/ri8k487849v9b290iz384pi1lgw7n585-jq-1.7.1-bin"
        },
        "aarch64-linux": {
          "outputs": [
            {
              "name": "bin",
              "path": "/nix/store/z5vhfsyh4yh7f018q036q260h363a56w-jq-1.7.1-bin",
              "default": true
            },
            {
              "name": "man",
              "path": "/nix/store/hvb2dfhc1k02abmai7n3bxi2w7i85k3q-jq-1.7.1-man",
              "default": true
            },
            {
              "name": "dev",
              "path": "/nix/store/6xqw0a045m2s6kg7bdx8f0y88x55iw18-jq-1.7.1-dev"
            },
            {
              "name": "doc",
              "path": "/nix/store/7120g78wnwvhsazmd65g3v6hkn7fijj6-jq-1.7.1-doc"
            },
            {
              "name": "out",
              "path": "/nix/store/qky6im9rkx32bkngy05lgf2j2mhc9sa1-jq-1.7.1"
            }
          ],
          "store_path": "/nix/store/z5vhfsyh4yh7f018q036q260h363a56w-jq-1.7.1-bin"
        },
        "x86_64-darwin": {
          "outputs": [
            {
              "name": "bin",
              "path": "/nix/store/1g73qfq41vldzhaxz82f9dbw3pvsgr5g-jq-1.7.1-bin",
              "default": true
            },
            {
              "name": "man",
              "path": "/nix/store/l9jl6mn6f7z8ki4wg4zqa28l3222wbdb-jq-1.7.1-man",
              "default": true
            },
            {
              "name": "doc",
              "path": "/nix/store/3d3vbk2iwg3c2kgbmmr6r6707xkszhy4-jq-1.7.1-doc"
            },
            {
              "name": "out",
              "path": "/nix/store/03q69wc4wg57w1i5bapd0671a8wimfhf-jq-1.7.1"
            },
            {
              "name": "dev",
              "path": "/nix/store/xfa0x8yf8nqka5fjvknmwnbgsixx0rqf-jq-1.7.1-dev"
            }
          ],
          "store_path": "/nix/store/1g73qfq41vldzhaxz82f9dbw3pvsgr5g-jq-1.7.1-bin"
        },
        "x86_64-linux": {
          "outputs": [
            {
              "name": "bin",
              "path": "/nix/store/69msxmwsxfbxx8mzigzrfppgz6qk1sx8-jq-1.7.1-bin",
              "default": true
            },
            {
              "name": "man",
              "path": "/nix/store/0j2mhyyc4rp63wlqip4n9j356nlcqznv-jq-1.7.1-man",
              "default": true
            },
            {
              "name": "out",
              "path": "/nix/store/rxy1z6zcwgrj59gn91r561s3dj0xgjqg-jq-1.7.1"
            },
            {
              "name": "dev",
              "path": "/nix/store/135pr45fck6iqk1mym8rlb9hz0vxn2cj-jq-1.7.1-dev"
            },
            {
              "name": "doc",
              "path": "/nix/store/bnzrjq3bpagqhd55mz09i8lx6l2qzwq4-jq-1.7.1-doc"
            }
          ],
          "store_path": "/nix/store/69msxmwsxfbxx8mzigzrfppgz6qk1sx8-jq-1.7.1-bin"
        }
      }
    },
    "kind@0.22.0": {
      "last_modified": "2024-05-12T16:19:40Z",
      "resolved": "github:NixOS/nixpkgs/3281bec7174f679eabf584591e75979a258d8c40#kind",
      "source": "devbox-search",
      "version": "0.22.0",
      "systems": {
        "aarch64-darwin": {
          "outputs": [
            {
              "name": "out",
              "path": "/nix/store/9q02nhq0kcgzg20qj6ryp2bp4y35xhfh-kind-0.22.0",
              "default": true
            }
          ],
          "store_path": "/nix/store/9q02nhq0kcgzg20qj6ryp2bp4y35xhfh-kind-0.22.0"
        },
        "aarch64-linux": {
          "outputs": [
            {
              "name": "out",
              "path": "/nix/store/d8a0kilw59zmjb23017pv0ickwfm9d3k-kind-0.22.0",
              "default": true
            }
          ],
          "store_path": "/nix/store/d8a0kilw59zmjb23017pv0ickwfm9d3k-kind-0.22.0"
        },
        "x86_64-darwin": {
          "outputs": [
            {
              "name": "out",
              "path": "/nix/store/qk7x2bqfyfkyg99xflf099sxqmm5lkd5-kind-0.22.0",
              "default": true
            }
          ],
          "store_path": "/nix/store/qk7x2bqfyfkyg99xflf099sxqmm5lkd5-kind-0.22.0"
        },
        "x86_64-linux": {
          "outputs": [
            {
              "name": "out",
              "path": "/nix/store/kz3jy99ybz3xjxayfbk4nyrb1bfc8zhb-kind-0.22.0",
              "default": true
            }
          ],
          "store_path": "/nix/store/kz3jy99ybz3xjxayfbk4nyrb1bfc8zhb-kind-0.22.0"
        }
      }
    },
    "kubectl@1.29.2": {
      "last_modified": "2024-03-08T13:51:52Z",
      "resolved": "github:NixOS/nixpkgs/a343533bccc62400e8a9560423486a3b6c11a23b#kubectl",
      "source": "devbox-search",
      "version": "1.29.2",
      "systems": {
        "aarch64-darwin": {
          "outputs": [
            {
              "name": "out",
              "path": "/nix/store/c8dddav5hcxhcnwxw82x09agprl8a3mx-kubectl-1.29.2",
              "default": true
            },
            {
              "name": "man",
              "path": "/nix/store/g62pv8vm57b019d5z02g0cybjajvnfx9-kubectl-1.29.2-man",
              "default": true
            },
            {
              "name": "convert",
              "path": "/nix/store/z5gnhab9yifnyj8fm4rgr0ndd484zfw4-kubectl-1.29.2-convert"
            }
          ],
          "store_path": "/nix/store/c8dddav5hcxhcnwxw82x09agprl8a3mx-kubectl-1.29.2"
        },
        "aarch64-linux": {
          "outputs": [
            {
              "name": "out",
              "path": "/nix/store/c5cj6828nzkp1xd3lq313zf4sw7aydsr-kubectl-1.29.2",
              "default": true
            },
            {
              "name": "man",
              "path": "/nix/store/xdmxyc91qjhkv3xxp8x0q1axkf81xb4c-kubectl-1.29.2-man",
              "default": true
            },
            {
              "name": "convert",
              "path": "/nix/store/r1dx5f7afvvld7lpcmwgc5wfjkn1s71b-kubectl-1.29.2-convert"
            }
          ],
          "store_path": "/nix/store/c5cj6828nzkp1xd3lq313zf4sw7aydsr-kubectl-1.29.2"
        },
        "x86_64-darwin": {
          "outputs": [
            {
              "name": "out",
              "path": "/nix/store/0ffymzkqk38gfhjpxin8n70cw0fqhlcw-kubectl-1.29.2",
              "default": true
            },
            {
              "name": "man",
              "path": "/nix/store/jh7451pv13fsppfmknnd0l4hg1clg8nj-kubectl-1.29.2-man",
              "default": true
            },
            {
              "name": "convert",
              "path": "/nix/store/q1rcb5nix4wrk9cgq8s5b83jb6ms4kci-kubectl-1.29.2-convert"
            }
          ],
          "store_path": "/nix/store/0ffymzkqk38gfhjpxin8n70cw0fqhlcw-kubectl-1.29.2"
        },
        "x86_64-linux": {
          "outputs": [
            {
              "name": "out",
              "path": "/nix/store/4gscw6jfa2xxa7z05pp977618jaxjlcn-kubectl-1.29.2",
              "default": true
            },
            {
              "name": "man",
              "path": "/nix/store/q6bbax3iij6y9ngn9ahli51s3v25y6vb-kubectl-1.29.2-man",
              "default": true
            },
            {
              "name": "convert",
              "path": "/nix/store/q563h2gy8va6q21r0qdjal87qpbd6mz8-kubectl-1.29.2-convert"
            }
          ],
          "store_path": "/nix/store/4gscw6jfa2xxa7z05pp977618jaxjlcn-kubectl-1.29.2"
        }
      }
    },
    "kubernetes-helm@3.14.3": {
      "last_modified": "2024-04-02T02:53:36Z",
      "resolved": "github:NixOS/nixpkgs/080a4a27f206d07724b88da096e27ef63401a504#kubernetes-helm",
      "source": "devbox-search",
      "version": "3.14.3",
      "systems": {
        "aarch64-darwin": {
          "outputs": [
            {
              "name": "out",
              "path": "/nix/store/cvig4zpp15dx32i2nf7ac4yic4v1n5zf-kubernetes-helm-3.14.3",
              "default": true
            }
          ],
          "store_path": "/nix/store/cvig4zpp15dx32i2nf7ac4yic4v1n5zf-kubernetes-helm-3.14.3"
        },
        "aarch64-linux": {
          "outputs": [
            {
              "name": "out",
              "path": "/nix/store/y4zcgyg6nylp5552bxnpk8nq750ayybp-kubernetes-helm-3.14.3",
              "default": true
            }
          ],
          "store_path": "/nix/store/y4zcgyg6nylp5552bxnpk8nq750ayybp-kubernetes-helm-3.14.3"
        },
        "x86_64-darwin": {
          "outputs": [
            {
              "name": "out",
              "path": "/nix/store/08ajanhxpc5k2zsdyzidr3vy40s9yl9f-kubernetes-helm-3.14.3",
              "default": true
            }
          ],
          "store_path": "/nix/store/08ajanhxpc5k2zsdyzidr3vy40s9yl9f-kubernetes-helm-3.14.3"
        },
        "x86_64-linux": {
          "outputs": [
            {
              "name": "out",
              "path": "/nix/store/5grpp9pbxdvz385lmbhaxnwmj89hyx7j-kubernetes-helm-3.14.3",
              "default": true
            }
          ],
          "store_path": "/nix/store/5grpp9pbxdvz385lmbhaxnwmj89hyx7j-kubernetes-helm-3.14.3"
        }
      }
    },
    "nodejs@22.6.0": {
      "last_modified": "2024-08-31T10:12:23Z",
      "plugin_version": "0.0.2",
      "resolved": "github:NixOS/nixpkgs/5629520edecb69630a3f4d17d3d33fc96c13f6fe#nodejs_22",
      "source": "devbox-search",
      "version": "22.6.0",
      "systems": {
        "aarch64-darwin": {
          "outputs": [
            {
              "name": "out",
              "path": "/nix/store/h0lgf92wq4ip40d15mdah4548s5ck3lm-nodejs-22.6.0",
              "default": true
            },
            {
              "name": "libv8",
              "path": "/nix/store/cvyxkafalvlc8nymm9qghmd23lcsdq73-nodejs-22.6.0-libv8"
            }
          ],
          "store_path": "/nix/store/h0lgf92wq4ip40d15mdah4548s5ck3lm-nodejs-22.6.0"
        },
        "aarch64-linux": {
          "outputs": [
            {
              "name": "out",
              "path": "/nix/store/i43skcppvpbprz429nlf6xh6x6gjk1w0-nodejs-22.6.0",
              "default": true
            },
            {
              "name": "libv8",
              "path": "/nix/store/1k0qb1hlhxzd45yirswq9ryzi8h2lzj7-nodejs-22.6.0-libv8"
            }
          ],
          "store_path": "/nix/store/i43skcppvpbprz429nlf6xh6x6gjk1w0-nodejs-22.6.0"
        },
        "x86_64-darwin": {
          "outputs": [
            {
              "name": "out",
              "path": "/nix/store/vpz3z6kvx63xiwgippddkp62vi4h8g3z-nodejs-22.6.0",
              "default": true
            },
            {
              "name": "libv8",
              "path": "/nix/store/k9gallbn1nij77ryg2dix2iwrrky8c4g-nodejs-22.6.0-libv8"
            }
          ],
          "store_path": "/nix/store/vpz3z6kvx63xiwgippddkp62vi4h8g3z-nodejs-22.6.0"
        },
        "x86_64-linux": {
          "outputs": [
            {
              "name": "out",
              "path": "/nix/store/gb9rkc33y0qxk8ps1wyflry1gmz2q9w8-nodejs-22.6.0",
              "default": true
            },
            {
              "name": "libv8",
              "path": "/nix/store/6v7dxcn0azh24swdv3745pfprhxcg4jr-nodejs-22.6.0-libv8"
            }
          ],
          "store_path": "/nix/store/gb9rkc33y0qxk8ps1wyflry1gmz2q9w8-nodejs-22.6.0"
        }
      }
    },
    "nushell@0.100.0": {
      "last_modified": "2024-12-23T21:10:33Z",
      "resolved": "github:NixOS/nixpkgs/de1864217bfa9b5845f465e771e0ecb48b30e02d#nushell",
      "source": "devbox-search",
      "version": "0.100.0",
      "systems": {
        "aarch64-darwin": {
          "outputs": [
            {
              "name": "out",
              "path": "/nix/store/grjdxy6s2fvq63ng0hf8h5nxh1jns67d-nushell-0.100.0",
              "default": true
            }
          ],
          "store_path": "/nix/store/grjdxy6s2fvq63ng0hf8h5nxh1jns67d-nushell-0.100.0"
        },
        "aarch64-linux": {
          "outputs": [
            {
              "name": "out",
              "path": "/nix/store/wci60j342asxjhb1s216r4y72jxx1vb9-nushell-0.100.0",
              "default": true
            }
          ],
          "store_path": "/nix/store/wci60j342asxjhb1s216r4y72jxx1vb9-nushell-0.100.0"
        },
        "x86_64-darwin": {
          "outputs": [
            {
              "name": "out",
              "path": "/nix/store/d9clqf9b211chcz8fscb6cbs66l93mx8-nushell-0.100.0",
              "default": true
            }
          ],
          "store_path": "/nix/store/d9clqf9b211chcz8fscb6cbs66l93mx8-nushell-0.100.0"
        },
        "x86_64-linux": {
          "outputs": [
            {
              "name": "out",
              "path": "/nix/store/azs3ndz6zngxgf8kvip7br6m3xjh0as6-nushell-0.100.0",
              "default": true
            }
          ],
          "store_path": "/nix/store/azs3ndz6zngxgf8kvip7br6m3xjh0as6-nushell-0.100.0"
        }
      }
    },
    "teller@2.0.7": {
      "last_modified": "2025-01-25T23:17:58Z",
      "resolved": "github:NixOS/nixpkgs/b582bb5b0d7af253b05d58314b85ab8ec46b8d19#teller",
      "source": "devbox-search",
      "version": "2.0.7",
      "systems": {
        "aarch64-darwin": {
          "outputs": [
            {
              "name": "out",
              "path": "/nix/store/kiv39pq3b4wihhlxkz485zkhg3q7b4ci-teller-2.0.7",
              "default": true
            }
          ],
          "store_path": "/nix/store/kiv39pq3b4wihhlxkz485zkhg3q7b4ci-teller-2.0.7"
        },
        "aarch64-linux": {
          "outputs": [
            {
              "name": "out",
              "path": "/nix/store/89ad73c6azb95iriq7l1myl4icqzf82x-teller-2.0.7",
              "default": true
            }
          ],
          "store_path": "/nix/store/89ad73c6azb95iriq7l1myl4icqzf82x-teller-2.0.7"
        },
        "x86_64-darwin": {
          "outputs": [
            {
              "name": "out",
              "path": "/nix/store/jv2akmqk9pzam5l6fcm7lqkca2zp7h1l-teller-2.0.7",
              "default": true
            }
          ],
          "store_path": "/nix/store/jv2akmqk9pzam5l6fcm7lqkca2zp7h1l-teller-2.0.7"
        },
        "x86_64-linux": {
          "outputs": [
            {
              "name": "out",
              "path": "/nix/store/ynw41aykqn5ix0mnbzm7j2r5dlmaxw3l-teller-2.0.7",
              "default": true
            }
          ],
          "store_path": "/nix/store/ynw41aykqn5ix0mnbzm7j2r5dlmaxw3l-teller-2.0.7"
        }
      }
    },
    "timoni@0.22.0": {
      "last_modified": "2024-11-03T14:18:04Z",
      "resolved": "github:NixOS/nixpkgs/4ae2e647537bcdbb82265469442713d066675275#timoni",
      "source": "devbox-search",
      "version": "0.22.0",
      "systems": {
        "aarch64-darwin": {
          "outputs": [
            {
              "name": "out",
              "path": "/nix/store/2m00acysrdhc12psl59bsim1ccdhdq5i-timoni-0.22.0",
              "default": true
            }
          ],
          "store_path": "/nix/store/2m00acysrdhc12psl59bsim1ccdhdq5i-timoni-0.22.0"
        },
        "aarch64-linux": {
          "outputs": [
            {
              "name": "out",
              "path": "/nix/store/6b2zigaxxr9h10kjmpkv2fn5823672jn-timoni-0.22.0",
              "default": true
            }
          ],
          "store_path": "/nix/store/6b2zigaxxr9h10kjmpkv2fn5823672jn-timoni-0.22.0"
        },
        "x86_64-darwin": {
          "outputs": [
            {
              "name": "out",
              "path": "/nix/store/fl9cnlwyxrvm6gwcnarqk5yysk6l5nzd-timoni-0.22.0",
              "default": true
            }
          ],
          "store_path": "/nix/store/fl9cnlwyxrvm6gwcnarqk5yysk6l5nzd-timoni-0.22.0"
        },
        "x86_64-linux": {
          "outputs": [
            {
              "name": "out",
              "path": "/nix/store/ilpy74yan4kr13i0n1dpbkb7qqn176kw-timoni-0.22.0",
              "default": true
            }
          ],
          "store_path": "/nix/store/ilpy74yan4kr13i0n1dpbkb7qqn176kw-timoni-0.22.0"
        }
      }
    },
    "viddy@1.1.5": {
      "last_modified": "2024-10-13T23:44:06Z",
      "resolved": "github:NixOS/nixpkgs/d4f247e89f6e10120f911e2e2d2254a050d0f732#viddy",
      "source": "devbox-search",
      "version": "1.1.5",
      "systems": {
        "aarch64-darwin": {
          "outputs": [
            {
              "name": "out",
              "path": "/nix/store/wvirkmp2bawxgb47jbrhzjfcnmgbhz1h-viddy-1.1.5",
              "default": true
            }
          ],
          "store_path": "/nix/store/wvirkmp2bawxgb47jbrhzjfcnmgbhz1h-viddy-1.1.5"
        },
        "aarch64-linux": {
          "outputs": [
            {
              "name": "out",
              "path": "/nix/store/z5143k0vvxl3kfn304b3i57aadjh29hi-viddy-1.1.5",
              "default": true
            }
          ],
          "store_path": "/nix/store/z5143k0vvxl3kfn304b3i57aadjh29hi-viddy-1.1.5"
        },
        "x86_64-darwin": {
          "outputs": [
            {
              "name": "out",
              "path": "/nix/store/9555agdclhqi8s4gz77bim2rdnyzgbpj-viddy-1.1.5",
              "default": true
            }
          ],
          "store_path": "/nix/store/9555agdclhqi8s4gz77bim2rdnyzgbpj-viddy-1.1.5"
        },
        "x86_64-linux": {
          "outputs": [
            {
              "name": "out",
              "path": "/nix/store/k9n04b6qawxy8c4y6kqf33c12y7mhac4-viddy-1.1.5",
              "default": true
            }
          ],
          "store_path": "/nix/store/k9n04b6qawxy8c4y6kqf33c12y7mhac4-viddy-1.1.5"
        }
      }
    },
    "yq-go@4.43.1": {
      "last_modified": "2024-05-03T15:42:32Z",
      "resolved": "github:NixOS/nixpkgs/5fd8536a9a5932d4ae8de52b7dc08d92041237fc#yq-go",
      "source": "devbox-search",
      "version": "4.43.1",
      "systems": {
        "aarch64-darwin": {
          "outputs": [
            {
              "name": "out",
              "path": "/nix/store/m7mw41jd42w5ccx52nz2d3r4jsjm0xvl-yq-go-4.43.1",
              "default": true
            }
          ],
          "store_path": "/nix/store/m7mw41jd42w5ccx52nz2d3r4jsjm0xvl-yq-go-4.43.1"
        },
        "aarch64-linux": {
          "outputs": [
            {
              "name": "out",
              "path": "/nix/store/wkrxvkgs094ybshniiyfhagyiqjqhmy5-yq-go-4.43.1",
              "default": true
            }
          ],
          "store_path": "/nix/store/wkrxvkgs094ybshniiyfhagyiqjqhmy5-yq-go-4.43.1"
        },
        "x86_64-darwin": {
          "outputs": [
            {
              "name": "out",
              "path": "/nix/store/yw7sqw9adsg7zwywgjj5zz804gbjh5n0-yq-go-4.43.1",
              "default": true
            }
          ],
          "store_path": "/nix/store/yw7sqw9adsg7zwywgjj5zz804gbjh5n0-yq-go-4.43.1"
        },
        "x86_64-linux": {
          "outputs": [
            {
              "name": "out",
              "path": "/nix/store/3dqrcjcsqpdlz9qzq18d1xx8ivgdlg80-yq-go-4.43.1",
              "default": true
            }
          ],
          "store_path": "/nix/store/3dqrcjcsqpdlz9qzq18d1xx8ivgdlg80-yq-go-4.43.1"
        }
      }
    }
  }
}
