{
  "lockfile_version": "1",
  "packages": {
    "cosign@2.2.4": {
      "last_modified": "2024-08-14T11:41:26Z",
      "resolved": "github:NixOS/nixpkgs/0cb2fd7c59fed0cd82ef858cbcbdb552b9a33465#cosign",
      "source": "devbox-search",
      "version": "2.2.4",
      "systems": {
        "aarch64-darwin": {
          "outputs": [
            {
              "name": "out",
              "path": "/nix/store/8yjz4xrc6qic5jsvdg8laqy33rb8hlf9-cosign-2.2.4",
              "default": true
            }
          ],
          "store_path": "/nix/store/8yjz4xrc6qic5jsvdg8laqy33rb8hlf9-cosign-2.2.4"
        },
        "aarch64-linux": {
          "outputs": [
            {
              "name": "out",
              "path": "/nix/store/m0kdmpbi042brx3kfimihpk7lbbbcdd5-cosign-2.2.4",
              "default": true
            }
          ],
          "store_path": "/nix/store/m0kdmpbi042brx3kfimihpk7lbbbcdd5-cosign-2.2.4"
        },
        "x86_64-darwin": {
          "outputs": [
            {
              "name": "out",
              "path": "/nix/store/2586hv1a1dmi0qj4520y10hfhj0dqprl-cosign-2.2.4",
              "default": true
            }
          ],
          "store_path": "/nix/store/2586hv1a1dmi0qj4520y10hfhj0dqprl-cosign-2.2.4"
        },
        "x86_64-linux": {
          "outputs": [
            {
              "name": "out",
              "path": "/nix/store/v5gs2dbf6ccd8xhvy3l6rxq06hlgnagi-cosign-2.2.4",
              "default": true
            }
          ],
          "store_path": "/nix/store/v5gs2dbf6ccd8xhvy3l6rxq06hlgnagi-cosign-2.2.4"
        }
      }
    },
    "go@1.22.3": {
      "last_modified": "2024-06-12T20:55:33Z",
      "resolved": "github:NixOS/nixpkgs/a9858885e197f984d92d7fe64e9fff6b2e488d40#go",
      "source": "devbox-search",
      "version": "1.22.3",
      "systems": {
        "aarch64-darwin": {
          "outputs": [
            {
              "name": "out",
              "path": "/nix/store/m4ip3yyqg4k2pilbyfczgiy8xqvh4554-go-1.22.3",
              "default": true
            }
          ],
          "store_path": "/nix/store/m4ip3yyqg4k2pilbyfczgiy8xqvh4554-go-1.22.3"
        },
        "aarch64-linux": {
          "outputs": [
            {
              "name": "out",
              "path": "/nix/store/iz2bp36nbgp2l7day14186nmw2v4v0qg-go-1.22.3",
              "default": true
            }
          ],
          "store_path": "/nix/store/iz2bp36nbgp2l7day14186nmw2v4v0qg-go-1.22.3"
        },
        "x86_64-darwin": {
          "outputs": [
            {
              "name": "out",
              "path": "/nix/store/gl1vr9lznqg5zv2f0bvh0q469k82mjz0-go-1.22.3",
              "default": true
            }
          ],
          "store_path": "/nix/store/gl1vr9lznqg5zv2f0bvh0q469k82mjz0-go-1.22.3"
        },
        "x86_64-linux": {
          "outputs": [
            {
              "name": "out",
              "path": "/nix/store/vz8d6wmfcf38l3h3vymwqr6c5zxp5jmp-go-1.22.3",
              "default": true
            }
          ],
          "store_path": "/nix/store/vz8d6wmfcf38l3h3vymwqr6c5zxp5jmp-go-1.22.3"
        }
      }
    },
    "nushell@0.100.0": {
      "last_modified": "2024-12-23T21:10:33Z",
      "resolved": "github:NixOS/nixpkgs/de1864217bfa9b5845f465e771e0ecb48b30e02d#nushell",
      "source": "devbox-search",
      "version": "0.100.0",
      "systems": {
        "aarch64-darwin": {
          "outputs": [
            {
              "name": "out",
              "path": "/nix/store/grjdxy6s2fvq63ng0hf8h5nxh1jns67d-nushell-0.100.0",
              "default": true
            }
          ],
          "store_path": "/nix/store/grjdxy6s2fvq63ng0hf8h5nxh1jns67d-nushell-0.100.0"
        },
        "aarch64-linux": {
          "outputs": [
            {
              "name": "out",
              "path": "/nix/store/wci60j342asxjhb1s216r4y72jxx1vb9-nushell-0.100.0",
              "default": true
            }
          ],
          "store_path": "/nix/store/wci60j342asxjhb1s216r4y72jxx1vb9-nushell-0.100.0"
        },
        "x86_64-darwin": {
          "outputs": [
            {
              "name": "out",
              "path": "/nix/store/d9clqf9b211chcz8fscb6cbs66l93mx8-nushell-0.100.0",
              "default": true
            }
          ],
          "store_path": "/nix/store/d9clqf9b211chcz8fscb6cbs66l93mx8-nushell-0.100.0"
        },
        "x86_64-linux": {
          "outputs": [
            {
              "name": "out",
              "path": "/nix/store/azs3ndz6zngxgf8kvip7br6m3xjh0as6-nushell-0.100.0",
              "default": true
            }
          ],
          "store_path": "/nix/store/azs3ndz6zngxgf8kvip7br6m3xjh0as6-nushell-0.100.0"
        }
      }
    }
  }
}
