{
  "lockfile_version": "1",
  "packages": {
    "bat@0.24.0": {
      "last_modified": "2024-03-22T11:26:23Z",
      "resolved": "github:NixOS/nixpkgs/a3ed7406349a9335cb4c2a71369b697cecd9d351#bat",
      "source": "devbox-search",
      "version": "0.24.0",
      "systems": {
        "aarch64-darwin": {
          "outputs": [
            {
              "name": "out",
              "path": "/nix/store/b8991q41z441kfl4qp8x9nargqqqd4qy-bat-0.24.0",
              "default": true
            }
          ],
          "store_path": "/nix/store/b8991q41z441kfl4qp8x9nargqqqd4qy-bat-0.24.0"
        },
        "aarch64-linux": {
          "outputs": [
            {
              "name": "out",
              "path": "/nix/store/dw73xx42i3z5h6qkyqam3k522pq2xdjf-bat-0.24.0",
              "default": true
            }
          ],
          "store_path": "/nix/store/dw73xx42i3z5h6qkyqam3k522pq2xdjf-bat-0.24.0"
        },
        "x86_64-darwin": {
          "outputs": [
            {
              "name": "out",
              "path": "/nix/store/f95s1mm3dyg7632dmmqhrljmicmml8mj-bat-0.24.0",
              "default": true
            }
          ],
          "store_path": "/nix/store/f95s1mm3dyg7632dmmqhrljmicmml8mj-bat-0.24.0"
        },
        "x86_64-linux": {
          "outputs": [
            {
              "name": "out",
              "path": "/nix/store/0nw72cc05ksd5j2h09gdj9nh3hqgybrh-bat-0.24.0",
              "default": true
            }
          ],
          "store_path": "/nix/store/0nw72cc05ksd5j2h09gdj9nh3hqgybrh-bat-0.24.0"
        }
      }
    },
    "gh@2.44.1": {
      "last_modified": "2024-02-24T23:06:34Z",
      "resolved": "github:NixOS/nixpkgs/9a9dae8f6319600fa9aebde37f340975cab4b8c0#gh",
      "source": "devbox-search",
      "version": "2.44.1",
      "systems": {
        "aarch64-darwin": {
          "outputs": [
            {
              "name": "out",
              "path": "/nix/store/lkpb81lblxbdlzdgn681irmynw55jbg8-gh-2.44.1",
              "default": true
            }
          ],
          "store_path": "/nix/store/lkpb81lblxbdlzdgn681irmynw55jbg8-gh-2.44.1"
        },
        "aarch64-linux": {
          "outputs": [
            {
              "name": "out",
              "path": "/nix/store/fwh9lm5qmbz2fv5qlphj6y1dfcdjqcq0-gh-2.44.1",
              "default": true
            }
          ],
          "store_path": "/nix/store/fwh9lm5qmbz2fv5qlphj6y1dfcdjqcq0-gh-2.44.1"
        },
        "x86_64-darwin": {
          "outputs": [
            {
              "name": "out",
              "path": "/nix/store/3qkb48sgf3zf40h9f5sr0kibpk1w27xp-gh-2.44.1",
              "default": true
            }
          ],
          "store_path": "/nix/store/3qkb48sgf3zf40h9f5sr0kibpk1w27xp-gh-2.44.1"
        },
        "x86_64-linux": {
          "outputs": [
            {
              "name": "out",
              "path": "/nix/store/z93n28s3f4izj97pnikh7y7y2zg61qwd-gh-2.44.1",
              "default": true
            }
          ],
          "store_path": "/nix/store/z93n28s3f4izj97pnikh7y7y2zg61qwd-gh-2.44.1"
        }
      }
    },
    "google-cloud-sdk@452.0.1": {
      "last_modified": "2024-03-08T13:51:52Z",
      "resolved": "github:NixOS/nixpkgs/a343533bccc62400e8a9560423486a3b6c11a23b#google-cloud-sdk",
      "source": "devbox-search",
      "version": "452.0.1",
      "systems": {
        "aarch64-darwin": {
          "outputs": [
            {
              "name": "out",
              "path": "/nix/store/s7mhjkvkshh3kqr206jabkq0zk8gb690-google-cloud-sdk-452.0.1",
              "default": true
            }
          ],
          "store_path": "/nix/store/s7mhjkvkshh3kqr206jabkq0zk8gb690-google-cloud-sdk-452.0.1"
        },
        "aarch64-linux": {
          "outputs": [
            {
              "name": "out",
              "path": "/nix/store/lwdk1y7qzfr7lj0bx503akhpvqspmdi5-google-cloud-sdk-452.0.1",
              "default": true
            }
          ],
          "store_path": "/nix/store/lwdk1y7qzfr7lj0bx503akhpvqspmdi5-google-cloud-sdk-452.0.1"
        },
        "x86_64-darwin": {
          "outputs": [
            {
              "name": "out",
              "path": "/nix/store/3g57plb5qki29cd75akrw1766vx42x45-google-cloud-sdk-452.0.1",
              "default": true
            }
          ],
          "store_path": "/nix/store/3g57plb5qki29cd75akrw1766vx42x45-google-cloud-sdk-452.0.1"
        },
        "x86_64-linux": {
          "outputs": [
            {
              "name": "out",
              "path": "/nix/store/98f3i5dfik82aslnzwx7blk04qa6mwdx-google-cloud-sdk-452.0.1",
              "default": true
            }
          ],
          "store_path": "/nix/store/98f3i5dfik82aslnzwx7blk04qa6mwdx-google-cloud-sdk-452.0.1"
        }
      }
    },
    "jq@1.7.1": {
      "last_modified": "2024-03-28T19:46:15Z",
      "resolved": "github:NixOS/nixpkgs/64c81edb4b97a51c5bbc54c191763ac71a6517ee#jq",
      "source": "devbox-search",
      "version": "1.7.1",
      "systems": {
        "aarch64-darwin": {
          "outputs": [
            {
              "name": "bin",
              "path": "/nix/store/59r06awlqdsw1fpvwcy2dg65l0g09vdp-jq-1.7.1-bin",
              "default": true
            },
            {
              "name": "man",
              "path": "/nix/store/glava1axlc7qkr875zikn3qncmrlmhvg-jq-1.7.1-man",
              "default": true
            },
            {
              "name": "dev",
              "path": "/nix/store/9zlf0mjahix97izdbr08ay50q4hg1l73-jq-1.7.1-dev"
            },
            {
              "name": "doc",
              "path": "/nix/store/wqwcldk42s8rn5b9h3pjc8836gl2qzng-jq-1.7.1-doc"
            },
            {
              "name": "lib",
              "path": "/nix/store/lsfivvi5k3kikzrbffcz18gcyi6fx2si-jq-1.7.1-lib"
            },
            {
              "name": "out",
              "path": "/nix/store/y1dm44vipw95v8vihc57ia8zz5nnp94b-jq-1.7.1"
            }
          ],
          "store_path": "/nix/store/59r06awlqdsw1fpvwcy2dg65l0g09vdp-jq-1.7.1-bin"
        },
        "aarch64-linux": {
          "outputs": [
            {
              "name": "bin",
              "path": "/nix/store/rajf5f3cf6qmr9jp2mwjikygl7hmfv4a-jq-1.7.1-bin",
              "default": true
            },
            {
              "name": "man",
              "path": "/nix/store/in1cd7zn58cwpb9czaa8wk0qhz1ssdk2-jq-1.7.1-man",
              "default": true
            },
            {
              "name": "dev",
              "path": "/nix/store/kjqca4symf704yi1zlgnhbj7njzhwwgd-jq-1.7.1-dev"
            },
            {
              "name": "doc",
              "path": "/nix/store/8ljizkqxmbmp78npap4as8vb7w5snkmk-jq-1.7.1-doc"
            },
            {
              "name": "lib",
              "path": "/nix/store/55mf8kxjcmrsip8ffpn75r3snm65gv0h-jq-1.7.1-lib"
            },
            {
              "name": "out",
              "path": "/nix/store/vwr1r5as7mh5za5rsrf8lcxpf8acvmsk-jq-1.7.1"
            }
          ],
          "store_path": "/nix/store/rajf5f3cf6qmr9jp2mwjikygl7hmfv4a-jq-1.7.1-bin"
        },
        "x86_64-darwin": {
          "outputs": [
            {
              "name": "bin",
              "path": "/nix/store/szlvc45yfk43b3dmn2ms01cw0yw5cih2-jq-1.7.1-bin",
              "default": true
            },
            {
              "name": "man",
              "path": "/nix/store/9h7zfkrqchgcchlw9yx6ngg1llw22da9-jq-1.7.1-man",
              "default": true
            },
            {
              "name": "out",
              "path": "/nix/store/vxssvrpyrm5ci3k030fsnqf01gkprz8x-jq-1.7.1"
            },
            {
              "name": "dev",
              "path": "/nix/store/5p38yscg4kqk5m08c2p5bni374r1qs5p-jq-1.7.1-dev"
            },
            {
              "name": "doc",
              "path": "/nix/store/gcc7ncsdppac15r45i376907f5320bna-jq-1.7.1-doc"
            },
            {
              "name": "lib",
              "path": "/nix/store/kqbix3pbjq5wjdhw3llbcjiv9kj1cvm2-jq-1.7.1-lib"
            }
          ],
          "store_path": "/nix/store/szlvc45yfk43b3dmn2ms01cw0yw5cih2-jq-1.7.1-bin"
        },
        "x86_64-linux": {
          "outputs": [
            {
              "name": "bin",
              "path": "/nix/store/1kql9l6sh9qwkfac720fl9a2d4lf78r3-jq-1.7.1-bin",
              "default": true
            },
            {
              "name": "man",
              "path": "/nix/store/dy82v8zpcrmkjhlxrq42jccjvnf8ljvr-jq-1.7.1-man",
              "default": true
            },
            {
              "name": "dev",
              "path": "/nix/store/8i4fdcf8g6c8wmav9kbyvrc6rbip55d6-jq-1.7.1-dev"
            },
            {
              "name": "doc",
              "path": "/nix/store/53fg9kn3ry6m71p1c7ghaci6zygisxfz-jq-1.7.1-doc"
            },
            {
              "name": "lib",
              "path": "/nix/store/qaggw36kdv2n7k6rivii9ylr8205yaqz-jq-1.7.1-lib"
            },
            {
              "name": "out",
              "path": "/nix/store/bgvg4yihsf8dgwk2g4mfi7k3gfsfxv4c-jq-1.7.1"
            }
          ],
          "store_path": "/nix/store/1kql9l6sh9qwkfac720fl9a2d4lf78r3-jq-1.7.1-bin"
        }
      }
    },
    "kind@0.22.0": {
      "last_modified": "2024-03-22T11:26:23Z",
      "resolved": "github:NixOS/nixpkgs/a3ed7406349a9335cb4c2a71369b697cecd9d351#kind",
      "source": "devbox-search",
      "version": "0.22.0",
      "systems": {
        "aarch64-darwin": {
          "outputs": [
            {
              "name": "out",
              "path": "/nix/store/cff6f3a0av9pmak5w1wm9w2n1niq223b-kind-0.22.0",
              "default": true
            }
          ],
          "store_path": "/nix/store/cff6f3a0av9pmak5w1wm9w2n1niq223b-kind-0.22.0"
        },
        "aarch64-linux": {
          "outputs": [
            {
              "name": "out",
              "path": "/nix/store/xkkw8di5pmlgj7mw7mhq12mjigvh033l-kind-0.22.0",
              "default": true
            }
          ],
          "store_path": "/nix/store/xkkw8di5pmlgj7mw7mhq12mjigvh033l-kind-0.22.0"
        },
        "x86_64-darwin": {
          "outputs": [
            {
              "name": "out",
              "path": "/nix/store/fxh74m2g045xwqv90lbvdg57bvk99pf6-kind-0.22.0",
              "default": true
            }
          ],
          "store_path": "/nix/store/fxh74m2g045xwqv90lbvdg57bvk99pf6-kind-0.22.0"
        },
        "x86_64-linux": {
          "outputs": [
            {
              "name": "out",
              "path": "/nix/store/m362mrwv0419cj176nwg31zcs4af6wrs-kind-0.22.0",
              "default": true
            }
          ],
          "store_path": "/nix/store/m362mrwv0419cj176nwg31zcs4af6wrs-kind-0.22.0"
        }
      }
    },
    "kubectl@1.29.2": {
      "last_modified": "2024-03-08T13:51:52Z",
      "resolved": "github:NixOS/nixpkgs/a343533bccc62400e8a9560423486a3b6c11a23b#kubectl",
      "source": "devbox-search",
      "version": "1.29.2",
      "systems": {
        "aarch64-darwin": {
          "outputs": [
            {
              "name": "out",
              "path": "/nix/store/c8dddav5hcxhcnwxw82x09agprl8a3mx-kubectl-1.29.2",
              "default": true
            },
            {
              "name": "man",
              "path": "/nix/store/g62pv8vm57b019d5z02g0cybjajvnfx9-kubectl-1.29.2-man",
              "default": true
            },
            {
              "name": "convert",
              "path": "/nix/store/z5gnhab9yifnyj8fm4rgr0ndd484zfw4-kubectl-1.29.2-convert"
            }
          ],
          "store_path": "/nix/store/c8dddav5hcxhcnwxw82x09agprl8a3mx-kubectl-1.29.2"
        },
        "aarch64-linux": {
          "outputs": [
            {
              "name": "out",
              "path": "/nix/store/c5cj6828nzkp1xd3lq313zf4sw7aydsr-kubectl-1.29.2",
              "default": true
            },
            {
              "name": "man",
              "path": "/nix/store/xdmxyc91qjhkv3xxp8x0q1axkf81xb4c-kubectl-1.29.2-man",
              "default": true
            },
            {
              "name": "convert",
              "path": "/nix/store/r1dx5f7afvvld7lpcmwgc5wfjkn1s71b-kubectl-1.29.2-convert"
            }
          ],
          "store_path": "/nix/store/c5cj6828nzkp1xd3lq313zf4sw7aydsr-kubectl-1.29.2"
        },
        "x86_64-darwin": {
          "outputs": [
            {
              "name": "out",
              "path": "/nix/store/0ffymzkqk38gfhjpxin8n70cw0fqhlcw-kubectl-1.29.2",
              "default": true
            },
            {
              "name": "man",
              "path": "/nix/store/jh7451pv13fsppfmknnd0l4hg1clg8nj-kubectl-1.29.2-man",
              "default": true
            },
            {
              "name": "convert",
              "path": "/nix/store/q1rcb5nix4wrk9cgq8s5b83jb6ms4kci-kubectl-1.29.2-convert"
            }
          ],
          "store_path": "/nix/store/0ffymzkqk38gfhjpxin8n70cw0fqhlcw-kubectl-1.29.2"
        },
        "x86_64-linux": {
          "outputs": [
            {
              "name": "out",
              "path": "/nix/store/4gscw6jfa2xxa7z05pp977618jaxjlcn-kubectl-1.29.2",
              "default": true
            },
            {
              "name": "man",
              "path": "/nix/store/q6bbax3iij6y9ngn9ahli51s3v25y6vb-kubectl-1.29.2-man",
              "default": true
            },
            {
              "name": "convert",
              "path": "/nix/store/q563h2gy8va6q21r0qdjal87qpbd6mz8-kubectl-1.29.2-convert"
            }
          ],
          "store_path": "/nix/store/4gscw6jfa2xxa7z05pp977618jaxjlcn-kubectl-1.29.2"
        }
      }
    },
    "kubernetes-helm@3.14.3": {
      "last_modified": "2024-03-22T11:26:23Z",
      "resolved": "github:NixOS/nixpkgs/a3ed7406349a9335cb4c2a71369b697cecd9d351#kubernetes-helm",
      "source": "devbox-search",
      "version": "3.14.3",
      "systems": {
        "aarch64-darwin": {
          "outputs": [
            {
              "name": "out",
              "path": "/nix/store/nbz58p0ak92q3hqp39mfrvhj33svh3k4-kubernetes-helm-3.14.3",
              "default": true
            }
          ],
          "store_path": "/nix/store/nbz58p0ak92q3hqp39mfrvhj33svh3k4-kubernetes-helm-3.14.3"
        },
        "aarch64-linux": {
          "outputs": [
            {
              "name": "out",
              "path": "/nix/store/1f9184lbcv55mj1sqrrf022r8ln49kpz-kubernetes-helm-3.14.3",
              "default": true
            }
          ],
          "store_path": "/nix/store/1f9184lbcv55mj1sqrrf022r8ln49kpz-kubernetes-helm-3.14.3"
        },
        "x86_64-darwin": {
          "outputs": [
            {
              "name": "out",
              "path": "/nix/store/f2v22pzmbfypqlrniragqbkxmrkk3j4h-kubernetes-helm-3.14.3",
              "default": true
            }
          ],
          "store_path": "/nix/store/f2v22pzmbfypqlrniragqbkxmrkk3j4h-kubernetes-helm-3.14.3"
        },
        "x86_64-linux": {
          "outputs": [
            {
              "name": "out",
              "path": "/nix/store/0vf3gsyjrkxrkwygi3igidd4hzab8iq9-kubernetes-helm-3.14.3",
              "default": true
            }
          ],
          "store_path": "/nix/store/0vf3gsyjrkxrkwygi3igidd4hzab8iq9-kubernetes-helm-3.14.3"
        }
      }
    },
    "timoni@0.20.0": {
      "last_modified": "2024-03-22T11:26:23Z",
      "resolved": "github:NixOS/nixpkgs/a3ed7406349a9335cb4c2a71369b697cecd9d351#timoni",
      "source": "devbox-search",
      "version": "0.20.0",
      "systems": {
        "aarch64-darwin": {
          "outputs": [
            {
              "name": "out",
              "path": "/nix/store/6q2jyv54hgfxky5jk1a8a99d326qckrg-timoni-0.20.0",
              "default": true
            }
          ],
          "store_path": "/nix/store/6q2jyv54hgfxky5jk1a8a99d326qckrg-timoni-0.20.0"
        },
        "aarch64-linux": {
          "outputs": [
            {
              "name": "out",
              "path": "/nix/store/b49adh4hpx6yvw5kxsvrki2vb6wdjc77-timoni-0.20.0",
              "default": true
            }
          ],
          "store_path": "/nix/store/b49adh4hpx6yvw5kxsvrki2vb6wdjc77-timoni-0.20.0"
        },
        "x86_64-darwin": {
          "outputs": [
            {
              "name": "out",
              "path": "/nix/store/a449r2wdjpmxcflgij4jgrvgmq0qkqkd-timoni-0.20.0",
              "default": true
            }
          ],
          "store_path": "/nix/store/a449r2wdjpmxcflgij4jgrvgmq0qkqkd-timoni-0.20.0"
        },
        "x86_64-linux": {
          "outputs": [
            {
              "name": "out",
              "path": "/nix/store/c9m9jwigzhf84z703dwyf8r9l4gjsrcn-timoni-0.20.0",
              "default": true
            }
          ],
          "store_path": "/nix/store/c9m9jwigzhf84z703dwyf8r9l4gjsrcn-timoni-0.20.0"
        }
      }
    },
    "yq-go@4.43.1": {
      "last_modified": "2024-03-25T12:46:37Z",
      "resolved": "github:NixOS/nixpkgs/c726225724e681b3626acc941c6f95d2b0602087#yq-go",
      "source": "devbox-search",
      "version": "4.43.1",
      "systems": {
        "aarch64-darwin": {
          "outputs": [
            {
              "name": "out",
              "path": "/nix/store/5gqzwfbar2vc82j77flg7i1d8agmcc7y-yq-go-4.43.1",
              "default": true
            }
          ],
          "store_path": "/nix/store/5gqzwfbar2vc82j77flg7i1d8agmcc7y-yq-go-4.43.1"
        },
        "aarch64-linux": {
          "outputs": [
            {
              "name": "out",
              "path": "/nix/store/bjja1d662jrqr0lssas0jp9cynj9adzp-yq-go-4.43.1",
              "default": true
            }
          ],
          "store_path": "/nix/store/bjja1d662jrqr0lssas0jp9cynj9adzp-yq-go-4.43.1"
        },
        "x86_64-darwin": {
          "outputs": [
            {
              "name": "out",
              "path": "/nix/store/bqv6m9lccbvspgmypalx0xx7d1yqhf82-yq-go-4.43.1",
              "default": true
            }
          ],
          "store_path": "/nix/store/bqv6m9lccbvspgmypalx0xx7d1yqhf82-yq-go-4.43.1"
        },
        "x86_64-linux": {
          "outputs": [
            {
              "name": "out",
              "path": "/nix/store/3gwba964ilfwxnhlqv8wwp8yc1wskxr2-yq-go-4.43.1",
              "default": true
            }
          ],
          "store_path": "/nix/store/3gwba964ilfwxnhlqv8wwp8yc1wskxr2-yq-go-4.43.1"
        }
      }
    }
  }
}
